
Microsoft Visual Studio Solution File, Format Version 12.00
# Visual Studio Version 17
VisualStudioVersion = 17.9.34701.34
MinimumVisualStudioVersion = 10.0.40219.1
Project("{FAE04EC0-301F-11D3-BF4B-00C04F79EFBC}") = "DontWorryAvalonia", "DontWorryAvalonia\DontWorryAvalonia.csproj", "{943DF6F7-935C-46BB-8459-4A24F87429AD}"
EndProject
Global
	GlobalSection(SolutionConfigurationPlatforms) = preSolution
		Debug|Any CPU = Debug|Any CPU
		Release|Any CPU = Release|Any CPU
	EndGlobalSection
	GlobalSection(ProjectConfigurationPlatforms) = postSolution
		{943DF6F7-935C-46BB-8459-4A24F87429AD}.Debug|Any CPU.ActiveCfg = Debug|Any CPU
		{943DF6F7-935C-46BB-8459-4A24F87429AD}.Debug|Any CPU.Build.0 = Debug|Any CPU
		{943DF6F7-935C-46BB-8459-4A24F87429AD}.Release|Any CPU.ActiveCfg = Release|Any CPU
		{943DF6F7-935C-46BB-8459-4A24F87429AD}.Release|Any CPU.Build.0 = Release|Any CPU
	EndGlobalSection
	GlobalSection(SolutionProperties) = preSolution
		HideSolutionNode = FALSE
	EndGlobalSection
	GlobalSection(ExtensibilityGlobals) = postSolution
		SolutionGuid = {541DE9E6-2EE6-475B-89BB-42FE3B0B7E8D}
	EndGlobalSection
EndGlobal
